
Microsoft Visual Studio Solution File, Format Version 12.00
# Visual Studio Version 16
VisualStudioVersion = 16.0.30225.117
MinimumVisualStudioVersion = 10.0.40219.1
Project("{2150E333-8FDC-42A3-9474-1A3956D46DE8}") = "Solution Items", "Solution Items", "{D3C4EA61-D045-4C96-8C53-2B5DE90315BC}"
	ProjectSection(SolutionItems) = preProject
		Kubernetes.EventBridge.sln.DotSettings = Kubernetes.EventBridge.sln.DotSettings
	EndProjectSection
EndProject
Project("{9A19103F-16F7-4668-BE54-9A1E7A4F7556}") = "Kubernetes.EventBridge.Host", "Kubernetes.EventBridge.Host\Kubernetes.EventBridge.Host.csproj", "{A9EDC108-4D16-4360-B563-6CBA88C36A5B}"
EndProject
Project("{FAE04EC0-301F-11D3-BF4B-00C04F79EFBC}") = "Kubernetes.EventBridge.Core", "Kubernetes.EventBridge.Core\Kubernetes.EventBridge.Core.csproj", "{DE4F1AC4-0A7F-4524-A42C-A9A14E38226B}"
EndProject
Global
	GlobalSection(SolutionConfigurationPlatforms) = preSolution
		Debug|Any CPU = Debug|Any CPU
		Release|Any CPU = Release|Any CPU
	EndGlobalSection
	GlobalSection(ProjectConfigurationPlatforms) = postSolution
		{A9EDC108-4D16-4360-B563-6CBA88C36A5B}.Debug|Any CPU.ActiveCfg = Debug|Any CPU
		{A9EDC108-4D16-4360-B563-6CBA88C36A5B}.Debug|Any CPU.Build.0 = Debug|Any CPU
		{A9EDC108-4D16-4360-B563-6CBA88C36A5B}.Release|Any CPU.ActiveCfg = Release|Any CPU
		{A9EDC108-4D16-4360-B563-6CBA88C36A5B}.Release|Any CPU.Build.0 = Release|Any CPU
		{DE4F1AC4-0A7F-4524-A42C-A9A14E38226B}.Debug|Any CPU.ActiveCfg = Debug|Any CPU
		{DE4F1AC4-0A7F-4524-A42C-A9A14E38226B}.Debug|Any CPU.Build.0 = Debug|Any CPU
		{DE4F1AC4-0A7F-4524-A42C-A9A14E38226B}.Release|Any CPU.ActiveCfg = Release|Any CPU
		{DE4F1AC4-0A7F-4524-A42C-A9A14E38226B}.Release|Any CPU.Build.0 = Release|Any CPU
	EndGlobalSection
	GlobalSection(SolutionProperties) = preSolution
		HideSolutionNode = FALSE
	EndGlobalSection
	GlobalSection(ExtensibilityGlobals) = postSolution
		SolutionGuid = {3D5F6D13-33B8-4464-887A-2361225667A4}
	EndGlobalSection
EndGlobal
