
Microsoft Visual Studio Solution File, Format Version 12.00
# Visual Studio Version 16
VisualStudioVersion = 16.0.30225.117
MinimumVisualStudioVersion = 10.0.40219.1
Project("{2150E333-8FDC-42A3-9474-1A3956D46DE8}") = "Solution Items", "Solution Items", "{D3C4EA61-D045-4C96-8C53-2B5DE90315BC}"
	ProjectSection(SolutionItems) = preProject
		Kubernetes.EventGrid.Bridge.sln.DotSettings = Kubernetes.EventGrid.Bridge.sln.DotSettings
	EndProjectSection
EndProject
Project("{9A19103F-16F7-4668-BE54-9A1E7A4F7556}") = "Kubernetes.EventGrid.Bridge.Host", "Kubernetes.EventGrid.Bridge.Host\Kubernetes.EventGrid.Bridge.Host.csproj", "{A9EDC108-4D16-4360-B563-6CBA88C36A5B}"
EndProject
Project("{2150E333-8FDC-42A3-9474-1A3956D46DE8}") = "Events", "Events", "{487C0A64-1543-40B1-A6C7-6025B0CFD6B8}"
	ProjectSection(SolutionItems) = preProject
		..\events\ScalingReplicaSet.json = ..\events\ScalingReplicaSet.json
	EndProjectSection
EndProject
Project("{9A19103F-16F7-4668-BE54-9A1E7A4F7556}") = "Kubernetes.EventGrid.Core", "Kubernetes.EventGrid.Core\Kubernetes.EventGrid.Core.csproj", "{10DD3A89-C475-495B-913B-04A1DF4DC297}"
EndProject
Project("{9A19103F-16F7-4668-BE54-9A1E7A4F7556}") = "Kubernetes.EventGrid.Tests.Unit", "Kubernetes.EventGrid.Tests.Unit\Kubernetes.EventGrid.Tests.Unit.csproj", "{BD4B9825-A792-46B8-A2DD-AF6BA949B527}"
EndProject
Global
	GlobalSection(SolutionConfigurationPlatforms) = preSolution
		Debug|Any CPU = Debug|Any CPU
		Release|Any CPU = Release|Any CPU
	EndGlobalSection
	GlobalSection(ProjectConfigurationPlatforms) = postSolution
		{A9EDC108-4D16-4360-B563-6CBA88C36A5B}.Debug|Any CPU.ActiveCfg = Debug|Any CPU
		{A9EDC108-4D16-4360-B563-6CBA88C36A5B}.Debug|Any CPU.Build.0 = Debug|Any CPU
		{A9EDC108-4D16-4360-B563-6CBA88C36A5B}.Release|Any CPU.ActiveCfg = Release|Any CPU
		{A9EDC108-4D16-4360-B563-6CBA88C36A5B}.Release|Any CPU.Build.0 = Release|Any CPU
		{10DD3A89-C475-495B-913B-04A1DF4DC297}.Debug|Any CPU.ActiveCfg = Debug|Any CPU
		{10DD3A89-C475-495B-913B-04A1DF4DC297}.Debug|Any CPU.Build.0 = Debug|Any CPU
		{10DD3A89-C475-495B-913B-04A1DF4DC297}.Release|Any CPU.ActiveCfg = Release|Any CPU
		{10DD3A89-C475-495B-913B-04A1DF4DC297}.Release|Any CPU.Build.0 = Release|Any CPU
		{BD4B9825-A792-46B8-A2DD-AF6BA949B527}.Debug|Any CPU.ActiveCfg = Debug|Any CPU
		{BD4B9825-A792-46B8-A2DD-AF6BA949B527}.Debug|Any CPU.Build.0 = Debug|Any CPU
		{BD4B9825-A792-46B8-A2DD-AF6BA949B527}.Release|Any CPU.ActiveCfg = Release|Any CPU
		{BD4B9825-A792-46B8-A2DD-AF6BA949B527}.Release|Any CPU.Build.0 = Release|Any CPU
	EndGlobalSection
	GlobalSection(SolutionProperties) = preSolution
		HideSolutionNode = FALSE
	EndGlobalSection
	GlobalSection(ExtensibilityGlobals) = postSolution
		SolutionGuid = {3D5F6D13-33B8-4464-887A-2361225667A4}
	EndGlobalSection
EndGlobal
