
Microsoft Visual Studio Solution File, Format Version 12.00
# Visual Studio 15
VisualStudioVersion = 15.0.28307.168
MinimumVisualStudioVersion = 10.0.40219.1
Project("{9A19103F-16F7-4668-BE54-9A1E7A4F7556}") = "Kubernetes.EventBridge.Sample", "Kubernetes.EventBridge.Sample\Kubernetes.EventBridge.Sample.csproj", "{B4FD6BB9-4D19-485D-90AD-FE8862E7EFB9}"
EndProject
Project("{9A19103F-16F7-4668-BE54-9A1E7A4F7556}") = "Kubernetes.EventBridge.Host", "Kubernetes.EventBridge.Host\Kubernetes.EventBridge.Host.csproj", "{6BB1A79A-9399-4018-AA6A-82620E3CDE19}"
EndProject
Project("{2150E333-8FDC-42A3-9474-1A3956D46DE8}") = "Solution Items", "Solution Items", "{D3C4EA61-D045-4C96-8C53-2B5DE90315BC}"
	ProjectSection(SolutionItems) = preProject
		Kubernetes.EventBridge.sln.DotSettings = Kubernetes.EventBridge.sln.DotSettings
	EndProjectSection
EndProject
Global
	GlobalSection(SolutionConfigurationPlatforms) = preSolution
		Debug|Any CPU = Debug|Any CPU
		Release|Any CPU = Release|Any CPU
	EndGlobalSection
	GlobalSection(ProjectConfigurationPlatforms) = postSolution
		{B4FD6BB9-4D19-485D-90AD-FE8862E7EFB9}.Debug|Any CPU.ActiveCfg = Debug|Any CPU
		{B4FD6BB9-4D19-485D-90AD-FE8862E7EFB9}.Debug|Any CPU.Build.0 = Debug|Any CPU
		{B4FD6BB9-4D19-485D-90AD-FE8862E7EFB9}.Release|Any CPU.ActiveCfg = Release|Any CPU
		{B4FD6BB9-4D19-485D-90AD-FE8862E7EFB9}.Release|Any CPU.Build.0 = Release|Any CPU
		{6BB1A79A-9399-4018-AA6A-82620E3CDE19}.Debug|Any CPU.ActiveCfg = Debug|Any CPU
		{6BB1A79A-9399-4018-AA6A-82620E3CDE19}.Debug|Any CPU.Build.0 = Debug|Any CPU
		{6BB1A79A-9399-4018-AA6A-82620E3CDE19}.Release|Any CPU.ActiveCfg = Release|Any CPU
		{6BB1A79A-9399-4018-AA6A-82620E3CDE19}.Release|Any CPU.Build.0 = Release|Any CPU
	EndGlobalSection
	GlobalSection(SolutionProperties) = preSolution
		HideSolutionNode = FALSE
	EndGlobalSection
	GlobalSection(ExtensibilityGlobals) = postSolution
		SolutionGuid = {3D5F6D13-33B8-4464-887A-2361225667A4}
	EndGlobalSection
EndGlobal
